# This file is automatically @generated by Cargo.
# It is not intended for manual editing.
version = 4

[[package]]
name = "runfossil-cli"
version = "0.1.0"
dependencies = [
 "runfossil-core",
 "runfossil-pack",
 "runfossil-plan",
 "runfossil-store",
]

[[package]]
name = "runfossil-container"
version = "0.1.0"
dependencies = [
 "runfossil-core",
 "runfossil-fs",
]

[[package]]
name = "runfossil-core"
version = "0.1.0"

[[package]]
name = "runfossil-fs"
version = "0.1.0"
dependencies = [
 "runfossil-core",
]

[[package]]
name = "runfossil-net"
version = "0.1.0"
dependencies = [
 "runfossil-core",
]

[[package]]
name = "runfossil-pack"
version = "0.1.0"
dependencies = [
 "runfossil-core",
 "runfossil-store",
]

[[package]]
name = "runfossil-plan"
version = "0.1.0"
dependencies = [
 "runfossil-core",
]

[[package]]
name = "runfossil-proc"
version = "0.1.0"
dependencies = [
 "runfossil-core",
 "runfossil-fs",
]

[[package]]
name = "runfossil-service"
version = "0.1.0"
dependencies = [
 "runfossil-core",
]

[[package]]
name = "runfossil-store"
version = "0.1.0"
dependencies = [
 "runfossil-core",
]
